
Microsoft Visual Studio Solution File, Format Version 12.00
# Visual Studio 15
VisualStudioVersion = 15.0.27130.2024
MinimumVisualStudioVersion = 10.0.40219.1
Project("{FAE04EC0-301F-11D3-BF4B-00C04F79EFBC}") = "SoloLearnFirstApp", "SoloLearnFirstApp\SoloLearnFirstApp.csproj", "{FAE8684D-ACEC-4062-B891-10C5B6E52021}"
EndProject
Global
	GlobalSection(SolutionConfigurationPlatforms) = preSolution
		Debug|Any CPU = Debug|Any CPU
		Release|Any CPU = Release|Any CPU
	EndGlobalSection
	GlobalSection(ProjectConfigurationPlatforms) = postSolution
		{FAE8684D-ACEC-4062-B891-10C5B6E52021}.Debug|Any CPU.ActiveCfg = Debug|Any CPU
		{FAE8684D-ACEC-4062-B891-10C5B6E52021}.Debug|Any CPU.Build.0 = Debug|Any CPU
		{FAE8684D-ACEC-4062-B891-10C5B6E52021}.Release|Any CPU.ActiveCfg = Release|Any CPU
		{FAE8684D-ACEC-4062-B891-10C5B6E52021}.Release|Any CPU.Build.0 = Release|Any CPU
	EndGlobalSection
	GlobalSection(SolutionProperties) = preSolution
		HideSolutionNode = FALSE
	EndGlobalSection
	GlobalSection(ExtensibilityGlobals) = postSolution
		SolutionGuid = {12B11E54-8A45-4B10-B047-BFEC85B713B1}
	EndGlobalSection
EndGlobal
